
Microsoft Visual Studio Solution File, Format Version 12.00
# Visual Studio Version 16
VisualStudioVersion = 16.0.32630.194
MinimumVisualStudioVersion = 10.0.40219.1
Project("{8BC9CEB8-8B4A-11D0-8D11-00A0C91BC942}") = "Week2App4", "Week2App4\Week2App4.vcxproj", "{36EAF399-1C75-4B1B-A470-2A74D50EC3AC}"
EndProject
Global
	GlobalSection(SolutionConfigurationPlatforms) = preSolution
		Debug|x64 = Debug|x64
		Debug|x86 = Debug|x86
		Release|x64 = Release|x64
		Release|x86 = Release|x86
	EndGlobalSection
	GlobalSection(ProjectConfigurationPlatforms) = postSolution
		{36EAF399-1C75-4B1B-A470-2A74D50EC3AC}.Debug|x64.ActiveCfg = Debug|x64
		{36EAF399-1C75-4B1B-A470-2A74D50EC3AC}.Debug|x64.Build.0 = Debug|x64
		{36EAF399-1C75-4B1B-A470-2A74D50EC3AC}.Debug|x86.ActiveCfg = Debug|Win32
		{36EAF399-1C75-4B1B-A470-2A74D50EC3AC}.Debug|x86.Build.0 = Debug|Win32
		{36EAF399-1C75-4B1B-A470-2A74D50EC3AC}.Release|x64.ActiveCfg = Release|x64
		{36EAF399-1C75-4B1B-A470-2A74D50EC3AC}.Release|x64.Build.0 = Release|x64
		{36EAF399-1C75-4B1B-A470-2A74D50EC3AC}.Release|x86.ActiveCfg = Release|Win32
		{36EAF399-1C75-4B1B-A470-2A74D50EC3AC}.Release|x86.Build.0 = Release|Win32
	EndGlobalSection
	GlobalSection(SolutionProperties) = preSolution
		HideSolutionNode = FALSE
	EndGlobalSection
	GlobalSection(ExtensibilityGlobals) = postSolution
		SolutionGuid = {285D5F3C-95F3-4108-A44D-36C2C3AEEEC6}
	EndGlobalSection
EndGlobal
