
Microsoft Visual Studio Solution File, Format Version 12.00
# Visual Studio Version 16
VisualStudioVersion = 16.0.32630.194
MinimumVisualStudioVersion = 10.0.40219.1
Project("{8BC9CEB8-8B4A-11D0-8D11-00A0C91BC942}") = "Week3App1", "Week3App1\Week3App1.vcxproj", "{365A0167-8E1B-4EC0-A1A2-0E81A428F292}"
EndProject
Global
	GlobalSection(SolutionConfigurationPlatforms) = preSolution
		Debug|x64 = Debug|x64
		Debug|x86 = Debug|x86
		Release|x64 = Release|x64
		Release|x86 = Release|x86
	EndGlobalSection
	GlobalSection(ProjectConfigurationPlatforms) = postSolution
		{365A0167-8E1B-4EC0-A1A2-0E81A428F292}.Debug|x64.ActiveCfg = Debug|x64
		{365A0167-8E1B-4EC0-A1A2-0E81A428F292}.Debug|x64.Build.0 = Debug|x64
		{365A0167-8E1B-4EC0-A1A2-0E81A428F292}.Debug|x86.ActiveCfg = Debug|Win32
		{365A0167-8E1B-4EC0-A1A2-0E81A428F292}.Debug|x86.Build.0 = Debug|Win32
		{365A0167-8E1B-4EC0-A1A2-0E81A428F292}.Release|x64.ActiveCfg = Release|x64
		{365A0167-8E1B-4EC0-A1A2-0E81A428F292}.Release|x64.Build.0 = Release|x64
		{365A0167-8E1B-4EC0-A1A2-0E81A428F292}.Release|x86.ActiveCfg = Release|Win32
		{365A0167-8E1B-4EC0-A1A2-0E81A428F292}.Release|x86.Build.0 = Release|Win32
	EndGlobalSection
	GlobalSection(SolutionProperties) = preSolution
		HideSolutionNode = FALSE
	EndGlobalSection
	GlobalSection(ExtensibilityGlobals) = postSolution
		SolutionGuid = {8411AB23-E879-4857-9C63-18766E9D662D}
	EndGlobalSection
EndGlobal
